
Microsoft Visual Studio Solution File, Format Version 12.00
# Visual Studio Version 17
VisualStudioVersion = 17.14.36212.18 d17.14
MinimumVisualStudioVersion = 10.0.40219.1
Project("{FAE04EC0-301F-11D3-BF4B-00C04F79EFBC}") = "SearchService.API", "SearchService.API\SearchService.API.csproj", "{752360DB-C50B-44EF-8A66-0966E8041C6E}"
EndProject
Project("{FAE04EC0-301F-11D3-BF4B-00C04F79EFBC}") = "SearchService.BL", "SearchService.BL\SearchService.BL.csproj", "{46DE2991-11C4-4B41-AE62-17205E9FAF2C}"
EndProject
Project("{FAE04EC0-301F-11D3-BF4B-00C04F79EFBC}") = "SearchService.Infra", "SearchService.Infra\SearchService.Infra.csproj", "{C7E17BB0-DE32-4077-809E-65EDDE901FD5}"
EndProject
Project("{FAE04EC0-301F-11D3-BF4B-00C04F79EFBC}") = "SearchService.Test", "SearchService.Test\SearchService.Test.csproj", "{24FDADB4-285B-43E7-B504-5B1E73BFD984}"
EndProject
Global
	GlobalSection(SolutionConfigurationPlatforms) = preSolution
		Debug|Any CPU = Debug|Any CPU
		Release|Any CPU = Release|Any CPU
	EndGlobalSection
	GlobalSection(ProjectConfigurationPlatforms) = postSolution
		{752360DB-C50B-44EF-8A66-0966E8041C6E}.Debug|Any CPU.ActiveCfg = Debug|Any CPU
		{752360DB-C50B-44EF-8A66-0966E8041C6E}.Debug|Any CPU.Build.0 = Debug|Any CPU
		{752360DB-C50B-44EF-8A66-0966E8041C6E}.Release|Any CPU.ActiveCfg = Release|Any CPU
		{752360DB-C50B-44EF-8A66-0966E8041C6E}.Release|Any CPU.Build.0 = Release|Any CPU
		{46DE2991-11C4-4B41-AE62-17205E9FAF2C}.Debug|Any CPU.ActiveCfg = Debug|Any CPU
		{46DE2991-11C4-4B41-AE62-17205E9FAF2C}.Debug|Any CPU.Build.0 = Debug|Any CPU
		{46DE2991-11C4-4B41-AE62-17205E9FAF2C}.Release|Any CPU.ActiveCfg = Release|Any CPU
		{46DE2991-11C4-4B41-AE62-17205E9FAF2C}.Release|Any CPU.Build.0 = Release|Any CPU
		{C7E17BB0-DE32-4077-809E-65EDDE901FD5}.Debug|Any CPU.ActiveCfg = Debug|Any CPU
		{C7E17BB0-DE32-4077-809E-65EDDE901FD5}.Debug|Any CPU.Build.0 = Debug|Any CPU
		{C7E17BB0-DE32-4077-809E-65EDDE901FD5}.Release|Any CPU.ActiveCfg = Release|Any CPU
		{C7E17BB0-DE32-4077-809E-65EDDE901FD5}.Release|Any CPU.Build.0 = Release|Any CPU
		{24FDADB4-285B-43E7-B504-5B1E73BFD984}.Debug|Any CPU.ActiveCfg = Debug|Any CPU
		{24FDADB4-285B-43E7-B504-5B1E73BFD984}.Debug|Any CPU.Build.0 = Debug|Any CPU
		{24FDADB4-285B-43E7-B504-5B1E73BFD984}.Release|Any CPU.ActiveCfg = Release|Any CPU
		{24FDADB4-285B-43E7-B504-5B1E73BFD984}.Release|Any CPU.Build.0 = Release|Any CPU
	EndGlobalSection
	GlobalSection(SolutionProperties) = preSolution
		HideSolutionNode = FALSE
	EndGlobalSection
	GlobalSection(ExtensibilityGlobals) = postSolution
		SolutionGuid = {C8380069-F2FC-4671-93D9-5E5256E520B0}
	EndGlobalSection
EndGlobal
